
Microsoft Visual Studio Solution File, Format Version 12.00
# Visual Studio 14
VisualStudioVersion = 14.0.25420.1
MinimumVisualStudioVersion = 10.0.40219.1
Project("{2150E333-8FDC-42A3-9474-1A3956D46DE8}") = "src", "src", "{364398C2-9B6A-40B3-9845-23ABFB8D12AB}"
EndProject
Project("{2150E333-8FDC-42A3-9474-1A3956D46DE8}") = "Solution Items", "Solution Items", "{974A8277-6807-4C84-A0EA-B98AEC770EF8}"
	ProjectSection(SolutionItems) = preProject
		global.json = global.json
	EndProjectSection
EndProject
Project("{8BB2217D-0F2D-49D1-97BC-3654ED321F3B}") = "Abp.Zero", "src\Abp.Zero\Abp.Zero.xproj", "{E06353A0-8403-44A0-8D57-200D55E2F2C5}"
EndProject
Project("{8BB2217D-0F2D-49D1-97BC-3654ED321F3B}") = "Abp.Zero.Ldap", "src\Abp.Zero.Ldap\Abp.Zero.Ldap.xproj", "{C28F608B-F34E-411C-8D88-C5D566141735}"
EndProject
Project("{8BB2217D-0F2D-49D1-97BC-3654ED321F3B}") = "Abp.Zero.EntityFramework", "src\Abp.Zero.EntityFramework\Abp.Zero.EntityFramework.xproj", "{A57787C3-AD9A-40A8-B955-EDA596397429}"
EndProject
Project("{8BB2217D-0F2D-49D1-97BC-3654ED321F3B}") = "Abp.Zero.NHibernate", "src\Abp.Zero.NHibernate\Abp.Zero.NHibernate.xproj", "{C64C24CD-74CE-47A2-A03C-06F4F78413F1}"
EndProject
Project("{2150E333-8FDC-42A3-9474-1A3956D46DE8}") = "test", "test", "{E1AD01DD-1A0D-40DF-AFBE-F2AA3B4160AB}"
EndProject
Project("{8BB2217D-0F2D-49D1-97BC-3654ED321F3B}") = "Abp.Zero.SampleApp", "test\Abp.Zero.SampleApp\Abp.Zero.SampleApp.xproj", "{667801A0-99A5-414A-8685-A035408BF413}"
EndProject
Project("{8BB2217D-0F2D-49D1-97BC-3654ED321F3B}") = "Abp.Zero.SampleApp.EntityFramework", "test\Abp.Zero.SampleApp.EntityFramework\Abp.Zero.SampleApp.EntityFramework.xproj", "{97670397-EDF9-4968-9A25-0EB71C68D5F8}"
EndProject
Project("{8BB2217D-0F2D-49D1-97BC-3654ED321F3B}") = "Abp.Zero.SampleApp.NHibernateTests", "test\Abp.Zero.SampleApp.NHibernateTests\Abp.Zero.SampleApp.NHibernateTests.xproj", "{FA3E87C5-7273-461C-AE9F-67B416E07949}"
EndProject
Project("{8BB2217D-0F2D-49D1-97BC-3654ED321F3B}") = "Abp.Zero.SampleApp.Tests", "test\Abp.Zero.SampleApp.Tests\Abp.Zero.SampleApp.Tests.xproj", "{41F88D4F-FAB9-4D0A-85E5-C71F8B63B973}"
EndProject
Project("{8BB2217D-0F2D-49D1-97BC-3654ED321F3B}") = "Abp.Zero.EntityFrameworkCore", "src\Abp.Zero.EntityFrameworkCore\Abp.Zero.EntityFrameworkCore.xproj", "{83108E5E-FD31-4762-8854-D795A8FB482F}"
EndProject
Project("{8BB2217D-0F2D-49D1-97BC-3654ED321F3B}") = "Abp.Zero.SampleApp.EntityFrameworkCore", "test\Abp.Zero.SampleApp.EntityFrameworkCore\Abp.Zero.SampleApp.EntityFrameworkCore.xproj", "{76E2CCE7-A61F-4700-9054-9923645E41CC}"
EndProject
Project("{8BB2217D-0F2D-49D1-97BC-3654ED321F3B}") = "Abp.Zero.SampleApp.EntityFrameworkCore.Tests", "test\Abp.Zero.SampleApp.EntityFrameworkCore.Tests\Abp.Zero.SampleApp.EntityFrameworkCore.Tests.xproj", "{9223F076-ECE7-4381-9BBF-F3E33073B91A}"
EndProject
Global
	GlobalSection(SolutionConfigurationPlatforms) = preSolution
		Debug|Any CPU = Debug|Any CPU
		Release|Any CPU = Release|Any CPU
	EndGlobalSection
	GlobalSection(ProjectConfigurationPlatforms) = postSolution
		{E06353A0-8403-44A0-8D57-200D55E2F2C5}.Debug|Any CPU.ActiveCfg = Debug|Any CPU
		{E06353A0-8403-44A0-8D57-200D55E2F2C5}.Debug|Any CPU.Build.0 = Debug|Any CPU
		{E06353A0-8403-44A0-8D57-200D55E2F2C5}.Release|Any CPU.ActiveCfg = Release|Any CPU
		{E06353A0-8403-44A0-8D57-200D55E2F2C5}.Release|Any CPU.Build.0 = Release|Any CPU
		{C28F608B-F34E-411C-8D88-C5D566141735}.Debug|Any CPU.ActiveCfg = Debug|Any CPU
		{C28F608B-F34E-411C-8D88-C5D566141735}.Debug|Any CPU.Build.0 = Debug|Any CPU
		{C28F608B-F34E-411C-8D88-C5D566141735}.Release|Any CPU.ActiveCfg = Release|Any CPU
		{C28F608B-F34E-411C-8D88-C5D566141735}.Release|Any CPU.Build.0 = Release|Any CPU
		{A57787C3-AD9A-40A8-B955-EDA596397429}.Debug|Any CPU.ActiveCfg = Debug|Any CPU
		{A57787C3-AD9A-40A8-B955-EDA596397429}.Debug|Any CPU.Build.0 = Debug|Any CPU
		{A57787C3-AD9A-40A8-B955-EDA596397429}.Release|Any CPU.ActiveCfg = Release|Any CPU
		{A57787C3-AD9A-40A8-B955-EDA596397429}.Release|Any CPU.Build.0 = Release|Any CPU
		{C64C24CD-74CE-47A2-A03C-06F4F78413F1}.Debug|Any CPU.ActiveCfg = Debug|Any CPU
		{C64C24CD-74CE-47A2-A03C-06F4F78413F1}.Debug|Any CPU.Build.0 = Debug|Any CPU
		{C64C24CD-74CE-47A2-A03C-06F4F78413F1}.Release|Any CPU.ActiveCfg = Release|Any CPU
		{C64C24CD-74CE-47A2-A03C-06F4F78413F1}.Release|Any CPU.Build.0 = Release|Any CPU
		{667801A0-99A5-414A-8685-A035408BF413}.Debug|Any CPU.ActiveCfg = Debug|Any CPU
		{667801A0-99A5-414A-8685-A035408BF413}.Debug|Any CPU.Build.0 = Debug|Any CPU
		{667801A0-99A5-414A-8685-A035408BF413}.Release|Any CPU.ActiveCfg = Release|Any CPU
		{667801A0-99A5-414A-8685-A035408BF413}.Release|Any CPU.Build.0 = Release|Any CPU
		{97670397-EDF9-4968-9A25-0EB71C68D5F8}.Debug|Any CPU.ActiveCfg = Debug|Any CPU
		{97670397-EDF9-4968-9A25-0EB71C68D5F8}.Debug|Any CPU.Build.0 = Debug|Any CPU
		{97670397-EDF9-4968-9A25-0EB71C68D5F8}.Release|Any CPU.ActiveCfg = Release|Any CPU
		{97670397-EDF9-4968-9A25-0EB71C68D5F8}.Release|Any CPU.Build.0 = Release|Any CPU
		{FA3E87C5-7273-461C-AE9F-67B416E07949}.Debug|Any CPU.ActiveCfg = Debug|Any CPU
		{FA3E87C5-7273-461C-AE9F-67B416E07949}.Debug|Any CPU.Build.0 = Debug|Any CPU
		{FA3E87C5-7273-461C-AE9F-67B416E07949}.Release|Any CPU.ActiveCfg = Release|Any CPU
		{FA3E87C5-7273-461C-AE9F-67B416E07949}.Release|Any CPU.Build.0 = Release|Any CPU
		{41F88D4F-FAB9-4D0A-85E5-C71F8B63B973}.Debug|Any CPU.ActiveCfg = Debug|Any CPU
		{41F88D4F-FAB9-4D0A-85E5-C71F8B63B973}.Debug|Any CPU.Build.0 = Debug|Any CPU
		{41F88D4F-FAB9-4D0A-85E5-C71F8B63B973}.Release|Any CPU.ActiveCfg = Release|Any CPU
		{41F88D4F-FAB9-4D0A-85E5-C71F8B63B973}.Release|Any CPU.Build.0 = Release|Any CPU
		{83108E5E-FD31-4762-8854-D795A8FB482F}.Debug|Any CPU.ActiveCfg = Debug|Any CPU
		{83108E5E-FD31-4762-8854-D795A8FB482F}.Debug|Any CPU.Build.0 = Debug|Any CPU
		{83108E5E-FD31-4762-8854-D795A8FB482F}.Release|Any CPU.ActiveCfg = Release|Any CPU
		{83108E5E-FD31-4762-8854-D795A8FB482F}.Release|Any CPU.Build.0 = Release|Any CPU
		{76E2CCE7-A61F-4700-9054-9923645E41CC}.Debug|Any CPU.ActiveCfg = Debug|Any CPU
		{76E2CCE7-A61F-4700-9054-9923645E41CC}.Debug|Any CPU.Build.0 = Debug|Any CPU
		{76E2CCE7-A61F-4700-9054-9923645E41CC}.Release|Any CPU.ActiveCfg = Release|Any CPU
		{76E2CCE7-A61F-4700-9054-9923645E41CC}.Release|Any CPU.Build.0 = Release|Any CPU
		{9223F076-ECE7-4381-9BBF-F3E33073B91A}.Debug|Any CPU.ActiveCfg = Debug|Any CPU
		{9223F076-ECE7-4381-9BBF-F3E33073B91A}.Debug|Any CPU.Build.0 = Debug|Any CPU
		{9223F076-ECE7-4381-9BBF-F3E33073B91A}.Release|Any CPU.ActiveCfg = Release|Any CPU
		{9223F076-ECE7-4381-9BBF-F3E33073B91A}.Release|Any CPU.Build.0 = Release|Any CPU
	EndGlobalSection
	GlobalSection(SolutionProperties) = preSolution
		HideSolutionNode = FALSE
	EndGlobalSection
	GlobalSection(NestedProjects) = preSolution
		{E06353A0-8403-44A0-8D57-200D55E2F2C5} = {364398C2-9B6A-40B3-9845-23ABFB8D12AB}
		{C28F608B-F34E-411C-8D88-C5D566141735} = {364398C2-9B6A-40B3-9845-23ABFB8D12AB}
		{A57787C3-AD9A-40A8-B955-EDA596397429} = {364398C2-9B6A-40B3-9845-23ABFB8D12AB}
		{C64C24CD-74CE-47A2-A03C-06F4F78413F1} = {364398C2-9B6A-40B3-9845-23ABFB8D12AB}
		{667801A0-99A5-414A-8685-A035408BF413} = {E1AD01DD-1A0D-40DF-AFBE-F2AA3B4160AB}
		{97670397-EDF9-4968-9A25-0EB71C68D5F8} = {E1AD01DD-1A0D-40DF-AFBE-F2AA3B4160AB}
		{FA3E87C5-7273-461C-AE9F-67B416E07949} = {E1AD01DD-1A0D-40DF-AFBE-F2AA3B4160AB}
		{41F88D4F-FAB9-4D0A-85E5-C71F8B63B973} = {E1AD01DD-1A0D-40DF-AFBE-F2AA3B4160AB}
		{83108E5E-FD31-4762-8854-D795A8FB482F} = {364398C2-9B6A-40B3-9845-23ABFB8D12AB}
		{76E2CCE7-A61F-4700-9054-9923645E41CC} = {E1AD01DD-1A0D-40DF-AFBE-F2AA3B4160AB}
		{9223F076-ECE7-4381-9BBF-F3E33073B91A} = {E1AD01DD-1A0D-40DF-AFBE-F2AA3B4160AB}
	EndGlobalSection
EndGlobal
