
Microsoft Visual Studio Solution File, Format Version 12.00
# Visual Studio 15
VisualStudioVersion = 15.0.26403.7
MinimumVisualStudioVersion = 10.0.40219.1
Project("{2150E333-8FDC-42A3-9474-1A3956D46DE8}") = "src", "src", "{364398C2-9B6A-40B3-9845-23ABFB8D12AB}"
EndProject
Project("{2150E333-8FDC-42A3-9474-1A3956D46DE8}") = "Solution Items", "Solution Items", "{974A8277-6807-4C84-A0EA-B98AEC770EF8}"
	ProjectSection(SolutionItems) = preProject
		appveyor.yml = appveyor.yml
		common.props = common.props
	EndProjectSection
EndProject
Project("{2150E333-8FDC-42A3-9474-1A3956D46DE8}") = "test", "test", "{E1AD01DD-1A0D-40DF-AFBE-F2AA3B4160AB}"
EndProject
Project("{9A19103F-16F7-4668-BE54-9A1E7A4F7556}") = "Abp.Zero", "src\Abp.Zero\Abp.Zero.csproj", "{E06353A0-8403-44A0-8D57-200D55E2F2C5}"
EndProject
Project("{9A19103F-16F7-4668-BE54-9A1E7A4F7556}") = "Abp.Zero.Ldap", "src\Abp.Zero.Ldap\Abp.Zero.Ldap.csproj", "{C28F608B-F34E-411C-8D88-C5D566141735}"
EndProject
Project("{9A19103F-16F7-4668-BE54-9A1E7A4F7556}") = "Abp.Zero.EntityFramework", "src\Abp.Zero.EntityFramework\Abp.Zero.EntityFramework.csproj", "{A57787C3-AD9A-40A8-B955-EDA596397429}"
EndProject
Project("{9A19103F-16F7-4668-BE54-9A1E7A4F7556}") = "Abp.Zero.NHibernate", "src\Abp.Zero.NHibernate\Abp.Zero.NHibernate.csproj", "{C64C24CD-74CE-47A2-A03C-06F4F78413F1}"
EndProject
Project("{9A19103F-16F7-4668-BE54-9A1E7A4F7556}") = "Abp.Zero.SampleApp", "test\Abp.Zero.SampleApp\Abp.Zero.SampleApp.csproj", "{667801A0-99A5-414A-8685-A035408BF413}"
EndProject
Project("{9A19103F-16F7-4668-BE54-9A1E7A4F7556}") = "Abp.Zero.SampleApp.EntityFramework", "test\Abp.Zero.SampleApp.EntityFramework\Abp.Zero.SampleApp.EntityFramework.csproj", "{97670397-EDF9-4968-9A25-0EB71C68D5F8}"
EndProject
Project("{9A19103F-16F7-4668-BE54-9A1E7A4F7556}") = "Abp.Zero.SampleApp.NHibernateTests", "test\Abp.Zero.SampleApp.NHibernateTests\Abp.Zero.SampleApp.NHibernateTests.csproj", "{FA3E87C5-7273-461C-AE9F-67B416E07949}"
EndProject
Project("{9A19103F-16F7-4668-BE54-9A1E7A4F7556}") = "Abp.Zero.SampleApp.Tests", "test\Abp.Zero.SampleApp.Tests\Abp.Zero.SampleApp.Tests.csproj", "{41F88D4F-FAB9-4D0A-85E5-C71F8B63B973}"
EndProject
Project("{9A19103F-16F7-4668-BE54-9A1E7A4F7556}") = "Abp.Zero.EntityFrameworkCore", "src\Abp.Zero.EntityFrameworkCore\Abp.Zero.EntityFrameworkCore.csproj", "{83108E5E-FD31-4762-8854-D795A8FB482F}"
EndProject
Project("{9A19103F-16F7-4668-BE54-9A1E7A4F7556}") = "Abp.Zero.SampleApp.EntityFrameworkCore", "test\Abp.Zero.SampleApp.EntityFrameworkCore\Abp.Zero.SampleApp.EntityFrameworkCore.csproj", "{76E2CCE7-A61F-4700-9054-9923645E41CC}"
EndProject
Project("{9A19103F-16F7-4668-BE54-9A1E7A4F7556}") = "Abp.Zero.SampleApp.EntityFrameworkCore.Tests", "test\Abp.Zero.SampleApp.EntityFrameworkCore.Tests\Abp.Zero.SampleApp.EntityFrameworkCore.Tests.csproj", "{9223F076-ECE7-4381-9BBF-F3E33073B91A}"
EndProject
Project("{9A19103F-16F7-4668-BE54-9A1E7A4F7556}") = "Abp.Zero.SampleApp.EntityFrameworkCore.ConsoleAppTest", "test\Abp.Zero.SampleApp.EntityFrameworkCore.ConsoleAppTest\Abp.Zero.SampleApp.EntityFrameworkCore.ConsoleAppTest.csproj", "{25F73233-3922-4BC0-AC1C-2042613DEC5E}"
EndProject
Project("{9A19103F-16F7-4668-BE54-9A1E7A4F7556}") = "Abp.Zero.Owin", "src\Abp.Zero.Owin\Abp.Zero.Owin.csproj", "{81D2351F-6CA1-4976-86EB-63946EBD0A36}"
EndProject
Project("{9A19103F-16F7-4668-BE54-9A1E7A4F7556}") = "Abp.Zero.AspNetCore", "src\Abp.Zero.AspNetCore\Abp.Zero.AspNetCore.csproj", "{8EE2ACFF-CB44-4A7E-8FE7-5709AD245F44}"
EndProject
Project("{FAE04EC0-301F-11D3-BF4B-00C04F79EFBC}") = "Abp.ZeroCore", "src\Abp.ZeroCore\Abp.ZeroCore.csproj", "{C5F4218F-2637-4629-B43B-7728D28CB19E}"
EndProject
Project("{FAE04EC0-301F-11D3-BF4B-00C04F79EFBC}") = "Abp.Zero.Common", "src\Abp.Zero.Common\Abp.Zero.Common.csproj", "{EABE7BBB-A837-4607-9B0D-BE41E4A0F81F}"
EndProject
Project("{FAE04EC0-301F-11D3-BF4B-00C04F79EFBC}") = "Abp.ZeroCore.EntityFrameworkCore", "src\Abp.ZeroCore.EntityFrameworkCore\Abp.ZeroCore.EntityFrameworkCore.csproj", "{39A3807E-4309-43D7-98C1-246547108006}"
EndProject
Project("{2150E333-8FDC-42A3-9474-1A3956D46DE8}") = "ZeroCore", "ZeroCore", "{A6CB86B2-8C58-42D7-917A-F1DEB29C121A}"
EndProject
Project("{2150E333-8FDC-42A3-9474-1A3956D46DE8}") = "Zero", "Zero", "{22551F30-C7C5-40D5-AE24-3D675ABC9B46}"
EndProject
Project("{2150E333-8FDC-42A3-9474-1A3956D46DE8}") = "Zero", "Zero", "{4A2AFB7B-F4F7-4E47-A8A3-F1F848C9F1B9}"
EndProject
Project("{2150E333-8FDC-42A3-9474-1A3956D46DE8}") = "Shared", "Shared", "{12068527-E860-4AC1-88C3-62B435E4BBE5}"
EndProject
Project("{FAE04EC0-301F-11D3-BF4B-00C04F79EFBC}") = "Abp.ZeroCore.IdentityServer4", "src\Abp.ZeroCore.IdentityServer4\Abp.ZeroCore.IdentityServer4.csproj", "{41608BBD-C619-4579-AA32-CA6FC6B7F810}"
EndProject
Project("{2150E333-8FDC-42A3-9474-1A3956D46DE8}") = "ZeroCore", "ZeroCore", "{01532A9D-77F4-477E-A43E-0E7078E4E9DD}"
EndProject
Project("{FAE04EC0-301F-11D3-BF4B-00C04F79EFBC}") = "Abp.ZeroCore.IdentityServer4.Tests", "test\Abp.ZeroCore.IdentityServer4.Tests\Abp.ZeroCore.IdentityServer4.Tests.csproj", "{4B03D73D-D453-4FCB-95C8-F23D1B300DE7}"
EndProject
Project("{FAE04EC0-301F-11D3-BF4B-00C04F79EFBC}") = "Abp.ZeroCore.SampleApp", "test\Abp.ZeroCore.SampleApp\Abp.ZeroCore.SampleApp.csproj", "{D1084B66-375B-433A-9742-FD4A703994E1}"
EndProject
Project("{FAE04EC0-301F-11D3-BF4B-00C04F79EFBC}") = "Abp.ZeroCore.Tests", "test\Abp.ZeroCore.Tests\Abp.ZeroCore.Tests.csproj", "{72427FA6-BC94-42AA-B9AC-3CF2E257E41B}"
EndProject
Global
	GlobalSection(SolutionConfigurationPlatforms) = preSolution
		Debug|Any CPU = Debug|Any CPU
		Release|Any CPU = Release|Any CPU
	EndGlobalSection
	GlobalSection(ProjectConfigurationPlatforms) = postSolution
		{E06353A0-8403-44A0-8D57-200D55E2F2C5}.Debug|Any CPU.ActiveCfg = Debug|Any CPU
		{E06353A0-8403-44A0-8D57-200D55E2F2C5}.Debug|Any CPU.Build.0 = Debug|Any CPU
		{E06353A0-8403-44A0-8D57-200D55E2F2C5}.Release|Any CPU.ActiveCfg = Release|Any CPU
		{E06353A0-8403-44A0-8D57-200D55E2F2C5}.Release|Any CPU.Build.0 = Release|Any CPU
		{C28F608B-F34E-411C-8D88-C5D566141735}.Debug|Any CPU.ActiveCfg = Debug|Any CPU
		{C28F608B-F34E-411C-8D88-C5D566141735}.Debug|Any CPU.Build.0 = Debug|Any CPU
		{C28F608B-F34E-411C-8D88-C5D566141735}.Release|Any CPU.ActiveCfg = Release|Any CPU
		{C28F608B-F34E-411C-8D88-C5D566141735}.Release|Any CPU.Build.0 = Release|Any CPU
		{A57787C3-AD9A-40A8-B955-EDA596397429}.Debug|Any CPU.ActiveCfg = Debug|Any CPU
		{A57787C3-AD9A-40A8-B955-EDA596397429}.Debug|Any CPU.Build.0 = Debug|Any CPU
		{A57787C3-AD9A-40A8-B955-EDA596397429}.Release|Any CPU.ActiveCfg = Release|Any CPU
		{A57787C3-AD9A-40A8-B955-EDA596397429}.Release|Any CPU.Build.0 = Release|Any CPU
		{C64C24CD-74CE-47A2-A03C-06F4F78413F1}.Debug|Any CPU.ActiveCfg = Debug|Any CPU
		{C64C24CD-74CE-47A2-A03C-06F4F78413F1}.Debug|Any CPU.Build.0 = Debug|Any CPU
		{C64C24CD-74CE-47A2-A03C-06F4F78413F1}.Release|Any CPU.ActiveCfg = Release|Any CPU
		{C64C24CD-74CE-47A2-A03C-06F4F78413F1}.Release|Any CPU.Build.0 = Release|Any CPU
		{667801A0-99A5-414A-8685-A035408BF413}.Debug|Any CPU.ActiveCfg = Debug|Any CPU
		{667801A0-99A5-414A-8685-A035408BF413}.Debug|Any CPU.Build.0 = Debug|Any CPU
		{667801A0-99A5-414A-8685-A035408BF413}.Release|Any CPU.ActiveCfg = Release|Any CPU
		{667801A0-99A5-414A-8685-A035408BF413}.Release|Any CPU.Build.0 = Release|Any CPU
		{97670397-EDF9-4968-9A25-0EB71C68D5F8}.Debug|Any CPU.ActiveCfg = Debug|Any CPU
		{97670397-EDF9-4968-9A25-0EB71C68D5F8}.Debug|Any CPU.Build.0 = Debug|Any CPU
		{97670397-EDF9-4968-9A25-0EB71C68D5F8}.Release|Any CPU.ActiveCfg = Release|Any CPU
		{97670397-EDF9-4968-9A25-0EB71C68D5F8}.Release|Any CPU.Build.0 = Release|Any CPU
		{FA3E87C5-7273-461C-AE9F-67B416E07949}.Debug|Any CPU.ActiveCfg = Debug|Any CPU
		{FA3E87C5-7273-461C-AE9F-67B416E07949}.Debug|Any CPU.Build.0 = Debug|Any CPU
		{FA3E87C5-7273-461C-AE9F-67B416E07949}.Release|Any CPU.ActiveCfg = Release|Any CPU
		{FA3E87C5-7273-461C-AE9F-67B416E07949}.Release|Any CPU.Build.0 = Release|Any CPU
		{41F88D4F-FAB9-4D0A-85E5-C71F8B63B973}.Debug|Any CPU.ActiveCfg = Debug|Any CPU
		{41F88D4F-FAB9-4D0A-85E5-C71F8B63B973}.Debug|Any CPU.Build.0 = Debug|Any CPU
		{41F88D4F-FAB9-4D0A-85E5-C71F8B63B973}.Release|Any CPU.ActiveCfg = Release|Any CPU
		{41F88D4F-FAB9-4D0A-85E5-C71F8B63B973}.Release|Any CPU.Build.0 = Release|Any CPU
		{83108E5E-FD31-4762-8854-D795A8FB482F}.Debug|Any CPU.ActiveCfg = Debug|Any CPU
		{83108E5E-FD31-4762-8854-D795A8FB482F}.Debug|Any CPU.Build.0 = Debug|Any CPU
		{83108E5E-FD31-4762-8854-D795A8FB482F}.Release|Any CPU.ActiveCfg = Release|Any CPU
		{83108E5E-FD31-4762-8854-D795A8FB482F}.Release|Any CPU.Build.0 = Release|Any CPU
		{76E2CCE7-A61F-4700-9054-9923645E41CC}.Debug|Any CPU.ActiveCfg = Debug|Any CPU
		{76E2CCE7-A61F-4700-9054-9923645E41CC}.Debug|Any CPU.Build.0 = Debug|Any CPU
		{76E2CCE7-A61F-4700-9054-9923645E41CC}.Release|Any CPU.ActiveCfg = Release|Any CPU
		{76E2CCE7-A61F-4700-9054-9923645E41CC}.Release|Any CPU.Build.0 = Release|Any CPU
		{9223F076-ECE7-4381-9BBF-F3E33073B91A}.Debug|Any CPU.ActiveCfg = Debug|Any CPU
		{9223F076-ECE7-4381-9BBF-F3E33073B91A}.Debug|Any CPU.Build.0 = Debug|Any CPU
		{9223F076-ECE7-4381-9BBF-F3E33073B91A}.Release|Any CPU.ActiveCfg = Release|Any CPU
		{9223F076-ECE7-4381-9BBF-F3E33073B91A}.Release|Any CPU.Build.0 = Release|Any CPU
		{25F73233-3922-4BC0-AC1C-2042613DEC5E}.Debug|Any CPU.ActiveCfg = Debug|Any CPU
		{25F73233-3922-4BC0-AC1C-2042613DEC5E}.Debug|Any CPU.Build.0 = Debug|Any CPU
		{25F73233-3922-4BC0-AC1C-2042613DEC5E}.Release|Any CPU.ActiveCfg = Release|Any CPU
		{25F73233-3922-4BC0-AC1C-2042613DEC5E}.Release|Any CPU.Build.0 = Release|Any CPU
		{81D2351F-6CA1-4976-86EB-63946EBD0A36}.Debug|Any CPU.ActiveCfg = Debug|Any CPU
		{81D2351F-6CA1-4976-86EB-63946EBD0A36}.Debug|Any CPU.Build.0 = Debug|Any CPU
		{81D2351F-6CA1-4976-86EB-63946EBD0A36}.Release|Any CPU.ActiveCfg = Release|Any CPU
		{81D2351F-6CA1-4976-86EB-63946EBD0A36}.Release|Any CPU.Build.0 = Release|Any CPU
		{8EE2ACFF-CB44-4A7E-8FE7-5709AD245F44}.Debug|Any CPU.ActiveCfg = Debug|Any CPU
		{8EE2ACFF-CB44-4A7E-8FE7-5709AD245F44}.Debug|Any CPU.Build.0 = Debug|Any CPU
		{8EE2ACFF-CB44-4A7E-8FE7-5709AD245F44}.Release|Any CPU.ActiveCfg = Release|Any CPU
		{8EE2ACFF-CB44-4A7E-8FE7-5709AD245F44}.Release|Any CPU.Build.0 = Release|Any CPU
		{C5F4218F-2637-4629-B43B-7728D28CB19E}.Debug|Any CPU.ActiveCfg = Debug|Any CPU
		{C5F4218F-2637-4629-B43B-7728D28CB19E}.Debug|Any CPU.Build.0 = Debug|Any CPU
		{C5F4218F-2637-4629-B43B-7728D28CB19E}.Release|Any CPU.ActiveCfg = Release|Any CPU
		{C5F4218F-2637-4629-B43B-7728D28CB19E}.Release|Any CPU.Build.0 = Release|Any CPU
		{EABE7BBB-A837-4607-9B0D-BE41E4A0F81F}.Debug|Any CPU.ActiveCfg = Debug|Any CPU
		{EABE7BBB-A837-4607-9B0D-BE41E4A0F81F}.Debug|Any CPU.Build.0 = Debug|Any CPU
		{EABE7BBB-A837-4607-9B0D-BE41E4A0F81F}.Release|Any CPU.ActiveCfg = Release|Any CPU
		{EABE7BBB-A837-4607-9B0D-BE41E4A0F81F}.Release|Any CPU.Build.0 = Release|Any CPU
		{39A3807E-4309-43D7-98C1-246547108006}.Debug|Any CPU.ActiveCfg = Debug|Any CPU
		{39A3807E-4309-43D7-98C1-246547108006}.Debug|Any CPU.Build.0 = Debug|Any CPU
		{39A3807E-4309-43D7-98C1-246547108006}.Release|Any CPU.ActiveCfg = Release|Any CPU
		{39A3807E-4309-43D7-98C1-246547108006}.Release|Any CPU.Build.0 = Release|Any CPU
		{41608BBD-C619-4579-AA32-CA6FC6B7F810}.Debug|Any CPU.ActiveCfg = Debug|Any CPU
		{41608BBD-C619-4579-AA32-CA6FC6B7F810}.Debug|Any CPU.Build.0 = Debug|Any CPU
		{41608BBD-C619-4579-AA32-CA6FC6B7F810}.Release|Any CPU.ActiveCfg = Release|Any CPU
		{41608BBD-C619-4579-AA32-CA6FC6B7F810}.Release|Any CPU.Build.0 = Release|Any CPU
		{4B03D73D-D453-4FCB-95C8-F23D1B300DE7}.Debug|Any CPU.ActiveCfg = Debug|Any CPU
		{4B03D73D-D453-4FCB-95C8-F23D1B300DE7}.Debug|Any CPU.Build.0 = Debug|Any CPU
		{4B03D73D-D453-4FCB-95C8-F23D1B300DE7}.Release|Any CPU.ActiveCfg = Release|Any CPU
		{4B03D73D-D453-4FCB-95C8-F23D1B300DE7}.Release|Any CPU.Build.0 = Release|Any CPU
		{D1084B66-375B-433A-9742-FD4A703994E1}.Debug|Any CPU.ActiveCfg = Debug|Any CPU
		{D1084B66-375B-433A-9742-FD4A703994E1}.Debug|Any CPU.Build.0 = Debug|Any CPU
		{D1084B66-375B-433A-9742-FD4A703994E1}.Release|Any CPU.ActiveCfg = Release|Any CPU
		{D1084B66-375B-433A-9742-FD4A703994E1}.Release|Any CPU.Build.0 = Release|Any CPU
		{72427FA6-BC94-42AA-B9AC-3CF2E257E41B}.Debug|Any CPU.ActiveCfg = Debug|Any CPU
		{72427FA6-BC94-42AA-B9AC-3CF2E257E41B}.Debug|Any CPU.Build.0 = Debug|Any CPU
		{72427FA6-BC94-42AA-B9AC-3CF2E257E41B}.Release|Any CPU.ActiveCfg = Release|Any CPU
		{72427FA6-BC94-42AA-B9AC-3CF2E257E41B}.Release|Any CPU.Build.0 = Release|Any CPU
	EndGlobalSection
	GlobalSection(SolutionProperties) = preSolution
		HideSolutionNode = FALSE
	EndGlobalSection
	GlobalSection(NestedProjects) = preSolution
		{E06353A0-8403-44A0-8D57-200D55E2F2C5} = {22551F30-C7C5-40D5-AE24-3D675ABC9B46}
		{C28F608B-F34E-411C-8D88-C5D566141735} = {12068527-E860-4AC1-88C3-62B435E4BBE5}
		{A57787C3-AD9A-40A8-B955-EDA596397429} = {22551F30-C7C5-40D5-AE24-3D675ABC9B46}
		{C64C24CD-74CE-47A2-A03C-06F4F78413F1} = {22551F30-C7C5-40D5-AE24-3D675ABC9B46}
		{667801A0-99A5-414A-8685-A035408BF413} = {4A2AFB7B-F4F7-4E47-A8A3-F1F848C9F1B9}
		{97670397-EDF9-4968-9A25-0EB71C68D5F8} = {4A2AFB7B-F4F7-4E47-A8A3-F1F848C9F1B9}
		{FA3E87C5-7273-461C-AE9F-67B416E07949} = {4A2AFB7B-F4F7-4E47-A8A3-F1F848C9F1B9}
		{41F88D4F-FAB9-4D0A-85E5-C71F8B63B973} = {4A2AFB7B-F4F7-4E47-A8A3-F1F848C9F1B9}
		{83108E5E-FD31-4762-8854-D795A8FB482F} = {22551F30-C7C5-40D5-AE24-3D675ABC9B46}
		{76E2CCE7-A61F-4700-9054-9923645E41CC} = {4A2AFB7B-F4F7-4E47-A8A3-F1F848C9F1B9}
		{9223F076-ECE7-4381-9BBF-F3E33073B91A} = {4A2AFB7B-F4F7-4E47-A8A3-F1F848C9F1B9}
		{25F73233-3922-4BC0-AC1C-2042613DEC5E} = {4A2AFB7B-F4F7-4E47-A8A3-F1F848C9F1B9}
		{81D2351F-6CA1-4976-86EB-63946EBD0A36} = {22551F30-C7C5-40D5-AE24-3D675ABC9B46}
		{8EE2ACFF-CB44-4A7E-8FE7-5709AD245F44} = {22551F30-C7C5-40D5-AE24-3D675ABC9B46}
		{C5F4218F-2637-4629-B43B-7728D28CB19E} = {A6CB86B2-8C58-42D7-917A-F1DEB29C121A}
		{EABE7BBB-A837-4607-9B0D-BE41E4A0F81F} = {12068527-E860-4AC1-88C3-62B435E4BBE5}
		{39A3807E-4309-43D7-98C1-246547108006} = {A6CB86B2-8C58-42D7-917A-F1DEB29C121A}
		{A6CB86B2-8C58-42D7-917A-F1DEB29C121A} = {364398C2-9B6A-40B3-9845-23ABFB8D12AB}
		{22551F30-C7C5-40D5-AE24-3D675ABC9B46} = {364398C2-9B6A-40B3-9845-23ABFB8D12AB}
		{4A2AFB7B-F4F7-4E47-A8A3-F1F848C9F1B9} = {E1AD01DD-1A0D-40DF-AFBE-F2AA3B4160AB}
		{12068527-E860-4AC1-88C3-62B435E4BBE5} = {364398C2-9B6A-40B3-9845-23ABFB8D12AB}
		{41608BBD-C619-4579-AA32-CA6FC6B7F810} = {A6CB86B2-8C58-42D7-917A-F1DEB29C121A}
		{01532A9D-77F4-477E-A43E-0E7078E4E9DD} = {E1AD01DD-1A0D-40DF-AFBE-F2AA3B4160AB}
		{4B03D73D-D453-4FCB-95C8-F23D1B300DE7} = {01532A9D-77F4-477E-A43E-0E7078E4E9DD}
		{D1084B66-375B-433A-9742-FD4A703994E1} = {01532A9D-77F4-477E-A43E-0E7078E4E9DD}
		{72427FA6-BC94-42AA-B9AC-3CF2E257E41B} = {01532A9D-77F4-477E-A43E-0E7078E4E9DD}
	EndGlobalSection
EndGlobal
