
Microsoft Visual Studio Solution File, Format Version 12.00
# Visual Studio 15
VisualStudioVersion = 15.0.26228.9
MinimumVisualStudioVersion = 10.0.40219.1
Project("{2150E333-8FDC-42A3-9474-1A3956D46DE8}") = "src", "src", "{364398C2-9B6A-40B3-9845-23ABFB8D12AB}"
EndProject
Project("{2150E333-8FDC-42A3-9474-1A3956D46DE8}") = "Solution Items", "Solution Items", "{974A8277-6807-4C84-A0EA-B98AEC770EF8}"
	ProjectSection(SolutionItems) = preProject
		appveyor.yml = appveyor.yml
		common.props = common.props
	EndProjectSection
EndProject
Project("{2150E333-8FDC-42A3-9474-1A3956D46DE8}") = "test", "test", "{E1AD01DD-1A0D-40DF-AFBE-F2AA3B4160AB}"
EndProject
Project("{9A19103F-16F7-4668-BE54-9A1E7A4F7556}") = "Abp.Zero", "src\Abp.Zero\Abp.Zero.csproj", "{E06353A0-8403-44A0-8D57-200D55E2F2C5}"
EndProject
Project("{9A19103F-16F7-4668-BE54-9A1E7A4F7556}") = "Abp.Zero.Ldap", "src\Abp.Zero.Ldap\Abp.Zero.Ldap.csproj", "{C28F608B-F34E-411C-8D88-C5D566141735}"
EndProject
Project("{9A19103F-16F7-4668-BE54-9A1E7A4F7556}") = "Abp.Zero.EntityFramework", "src\Abp.Zero.EntityFramework\Abp.Zero.EntityFramework.csproj", "{A57787C3-AD9A-40A8-B955-EDA596397429}"
EndProject
Project("{9A19103F-16F7-4668-BE54-9A1E7A4F7556}") = "Abp.Zero.NHibernate", "src\Abp.Zero.NHibernate\Abp.Zero.NHibernate.csproj", "{C64C24CD-74CE-47A2-A03C-06F4F78413F1}"
EndProject
Project("{9A19103F-16F7-4668-BE54-9A1E7A4F7556}") = "Abp.Zero.SampleApp", "test\Abp.Zero.SampleApp\Abp.Zero.SampleApp.csproj", "{667801A0-99A5-414A-8685-A035408BF413}"
EndProject
Project("{9A19103F-16F7-4668-BE54-9A1E7A4F7556}") = "Abp.Zero.SampleApp.EntityFramework", "test\Abp.Zero.SampleApp.EntityFramework\Abp.Zero.SampleApp.EntityFramework.csproj", "{97670397-EDF9-4968-9A25-0EB71C68D5F8}"
EndProject
Project("{9A19103F-16F7-4668-BE54-9A1E7A4F7556}") = "Abp.Zero.SampleApp.NHibernateTests", "test\Abp.Zero.SampleApp.NHibernateTests\Abp.Zero.SampleApp.NHibernateTests.csproj", "{FA3E87C5-7273-461C-AE9F-67B416E07949}"
EndProject
Project("{9A19103F-16F7-4668-BE54-9A1E7A4F7556}") = "Abp.Zero.SampleApp.Tests", "test\Abp.Zero.SampleApp.Tests\Abp.Zero.SampleApp.Tests.csproj", "{41F88D4F-FAB9-4D0A-85E5-C71F8B63B973}"
EndProject
Project("{9A19103F-16F7-4668-BE54-9A1E7A4F7556}") = "Abp.Zero.EntityFrameworkCore", "src\Abp.Zero.EntityFrameworkCore\Abp.Zero.EntityFrameworkCore.csproj", "{83108E5E-FD31-4762-8854-D795A8FB482F}"
EndProject
Project("{9A19103F-16F7-4668-BE54-9A1E7A4F7556}") = "Abp.Zero.SampleApp.EntityFrameworkCore", "test\Abp.Zero.SampleApp.EntityFrameworkCore\Abp.Zero.SampleApp.EntityFrameworkCore.csproj", "{76E2CCE7-A61F-4700-9054-9923645E41CC}"
EndProject
Project("{9A19103F-16F7-4668-BE54-9A1E7A4F7556}") = "Abp.Zero.SampleApp.EntityFrameworkCore.Tests", "test\Abp.Zero.SampleApp.EntityFrameworkCore.Tests\Abp.Zero.SampleApp.EntityFrameworkCore.Tests.csproj", "{9223F076-ECE7-4381-9BBF-F3E33073B91A}"
EndProject
Project("{9A19103F-16F7-4668-BE54-9A1E7A4F7556}") = "Abp.Zero.SampleApp.EntityFrameworkCore.ConsoleAppTest", "test\Abp.Zero.SampleApp.EntityFrameworkCore.ConsoleAppTest\Abp.Zero.SampleApp.EntityFrameworkCore.ConsoleAppTest.csproj", "{25F73233-3922-4BC0-AC1C-2042613DEC5E}"
EndProject
Project("{9A19103F-16F7-4668-BE54-9A1E7A4F7556}") = "Abp.Zero.Owin", "src\Abp.Zero.Owin\Abp.Zero.Owin.csproj", "{81D2351F-6CA1-4976-86EB-63946EBD0A36}"
EndProject
Project("{9A19103F-16F7-4668-BE54-9A1E7A4F7556}") = "Abp.Zero.AspNetCore", "src\Abp.Zero.AspNetCore\Abp.Zero.AspNetCore.csproj", "{8EE2ACFF-CB44-4A7E-8FE7-5709AD245F44}"
EndProject
Project("{FAE04EC0-301F-11D3-BF4B-00C04F79EFBC}") = "Abp.ZeroCore", "src\Abp.ZeroCore\Abp.ZeroCore.csproj", "{C5F4218F-2637-4629-B43B-7728D28CB19E}"
EndProject
Project("{FAE04EC0-301F-11D3-BF4B-00C04F79EFBC}") = "Abp.Zero.Common", "src\Abp.Zero.Common\Abp.Zero.Common.csproj", "{EABE7BBB-A837-4607-9B0D-BE41E4A0F81F}"
EndProject
Project("{FAE04EC0-301F-11D3-BF4B-00C04F79EFBC}") = "Abp.ZeroCore.EntityFrameworkCore", "src\Abp.ZeroCore.EntityFrameworkCore\Abp.ZeroCore.EntityFrameworkCore.csproj", "{39A3807E-4309-43D7-98C1-246547108006}"
EndProject
Project("{2150E333-8FDC-42A3-9474-1A3956D46DE8}") = "ZeroCore", "ZeroCore", "{A6CB86B2-8C58-42D7-917A-F1DEB29C121A}"
EndProject
Project("{2150E333-8FDC-42A3-9474-1A3956D46DE8}") = "Zero", "Zero", "{22551F30-C7C5-40D5-AE24-3D675ABC9B46}"
EndProject
Project("{2150E333-8FDC-42A3-9474-1A3956D46DE8}") = "Zero", "Zero", "{4A2AFB7B-F4F7-4E47-A8A3-F1F848C9F1B9}"
EndProject
Project("{2150E333-8FDC-42A3-9474-1A3956D46DE8}") = "ZeroCore", "ZeroCore", "{DB5BDEFB-3554-4A36-BE56-D7FF1C25095F}"
EndProject
Project("{9A19103F-16F7-4668-BE54-9A1E7A4F7556}") = "MyCompanyName.AbpZeroTemplate.Core", "..\aspnet-zero-core\aspnet-core\src\MyCompanyName.AbpZeroTemplate.Core\MyCompanyName.AbpZeroTemplate.Core.csproj", "{A0F9DB78-8EB6-4CC9-933B-DE57352DB90B}"
EndProject
Project("{9A19103F-16F7-4668-BE54-9A1E7A4F7556}") = "MyCompanyName.AbpZeroTemplate.Application", "..\aspnet-zero-core\aspnet-core\src\MyCompanyName.AbpZeroTemplate.Application\MyCompanyName.AbpZeroTemplate.Application.csproj", "{A16D1AA8-7B2E-4CEB-B1A9-0958F172DE48}"
EndProject
Project("{9A19103F-16F7-4668-BE54-9A1E7A4F7556}") = "MyCompanyName.AbpZeroTemplate.Web.Core", "..\aspnet-zero-core\aspnet-core\src\MyCompanyName.AbpZeroTemplate.Web.Core\MyCompanyName.AbpZeroTemplate.Web.Core.csproj", "{F446A204-789A-4EBB-ABD3-9193403ABC76}"
EndProject
Project("{9A19103F-16F7-4668-BE54-9A1E7A4F7556}") = "MyCompanyName.AbpZeroTemplate.Web.Host", "..\aspnet-zero-core\aspnet-core\src\MyCompanyName.AbpZeroTemplate.Web.Host\MyCompanyName.AbpZeroTemplate.Web.Host.csproj", "{5DE21AEE-B5A5-4B2B-A0FB-B42ED6852B74}"
EndProject
Project("{9A19103F-16F7-4668-BE54-9A1E7A4F7556}") = "MyCompanyName.AbpZeroTemplate.Web.Mvc", "..\aspnet-zero-core\aspnet-core\src\MyCompanyName.AbpZeroTemplate.Web.Mvc\MyCompanyName.AbpZeroTemplate.Web.Mvc.csproj", "{67BABDCA-5437-4D92-9967-90E41A69A50B}"
EndProject
Project("{9A19103F-16F7-4668-BE54-9A1E7A4F7556}") = "MyCompanyName.AbpZeroTemplate.EntityFramework", "..\aspnet-zero-core\aspnet-core\src\MyCompanyName.AbpZeroTemplate.EntityFramework\MyCompanyName.AbpZeroTemplate.EntityFramework.csproj", "{284760E3-51B0-4FCB-9E59-AAB603D82BF9}"
EndProject
Project("{2150E333-8FDC-42A3-9474-1A3956D46DE8}") = "Shared", "Shared", "{12068527-E860-4AC1-88C3-62B435E4BBE5}"
EndProject
Project("{FAE04EC0-301F-11D3-BF4B-00C04F79EFBC}") = "MyCompanyName.AbpZeroTemplate.EntityFrameworkCore", "..\aspnet-zero-core\aspnet-core\src\MyCompanyName.AbpZeroTemplate.EntityFrameworkCore\MyCompanyName.AbpZeroTemplate.EntityFrameworkCore.csproj", "{4AE1A741-9648-4BC6-ADB3-41B62830C23A}"
EndProject
Project("{2150E333-8FDC-42A3-9474-1A3956D46DE8}") = "Abp", "Abp", "{6026C5B1-F539-4CF5-AB6B-C3BEF853A30F}"
EndProject
Project("{9A19103F-16F7-4668-BE54-9A1E7A4F7556}") = "Abp.EntityFrameworkCore", "..\aspnetboilerplate\src\Abp.EntityFrameworkCore\Abp.EntityFrameworkCore.csproj", "{26473723-E6D9-42B1-9A26-6504DC693A29}"
EndProject
Project("{9A19103F-16F7-4668-BE54-9A1E7A4F7556}") = "Abp.EntityFramework.Common", "..\aspnetboilerplate\src\Abp.EntityFramework.Common\Abp.EntityFramework.Common.csproj", "{B089AC31-CC54-4DCB-9D1D-88BCCE262AA1}"
EndProject
Project("{9A19103F-16F7-4668-BE54-9A1E7A4F7556}") = "Abp", "..\aspnetboilerplate\src\Abp\Abp.csproj", "{DAAB8D28-AD51-4F12-BFF1-E4F79C4B9DFE}"
EndProject
Project("{9A19103F-16F7-4668-BE54-9A1E7A4F7556}") = "Abp.AspNetCore", "..\aspnetboilerplate\src\Abp.AspNetCore\Abp.AspNetCore.csproj", "{9D4304E5-C2B9-4B1A-9F05-E52F44CB734D}"
EndProject
Project("{9A19103F-16F7-4668-BE54-9A1E7A4F7556}") = "Abp.AspNetCore.TestBase", "..\aspnetboilerplate\src\Abp.AspNetCore.TestBase\Abp.AspNetCore.TestBase.csproj", "{0AB5BD8D-A1DA-4A60-A377-997C791AE2A7}"
EndProject
Project("{9A19103F-16F7-4668-BE54-9A1E7A4F7556}") = "Abp.AutoMapper", "..\aspnetboilerplate\src\Abp.AutoMapper\Abp.AutoMapper.csproj", "{7EF7824B-EB16-4DD8-9CF9-3418157C5A44}"
EndProject
Project("{9A19103F-16F7-4668-BE54-9A1E7A4F7556}") = "Abp.Castle.Log4Net", "..\aspnetboilerplate\src\Abp.Castle.Log4Net\Abp.Castle.Log4Net.csproj", "{EC7EDED3-481F-4121-BEFF-5D052B4564C0}"
EndProject
Project("{9A19103F-16F7-4668-BE54-9A1E7A4F7556}") = "Abp.Dapper", "..\aspnetboilerplate\src\Abp.Dapper\Abp.Dapper.csproj", "{C33D0BCD-6AA4-43DC-A650-8FA83AC998D1}"
EndProject
Project("{9A19103F-16F7-4668-BE54-9A1E7A4F7556}") = "Abp.EntityFramework", "..\aspnetboilerplate\src\Abp.EntityFramework\Abp.EntityFramework.csproj", "{C1E915E7-74C7-4E98-A9EC-68AABC9F7CC0}"
EndProject
Project("{9A19103F-16F7-4668-BE54-9A1E7A4F7556}") = "Abp.EntityFramework.GraphDiff", "..\aspnetboilerplate\src\Abp.EntityFramework.GraphDiff\Abp.EntityFramework.GraphDiff.csproj", "{DCA1E555-B60E-4C72-9AA4-007D9C6D3FCB}"
EndProject
Project("{9A19103F-16F7-4668-BE54-9A1E7A4F7556}") = "Abp.FluentMigrator", "..\aspnetboilerplate\src\Abp.FluentMigrator\Abp.FluentMigrator.csproj", "{CC356AE3-EDF6-4C55-B1EA-C40935E4A6C7}"
EndProject
Project("{9A19103F-16F7-4668-BE54-9A1E7A4F7556}") = "Abp.HangFire", "..\aspnetboilerplate\src\Abp.HangFire\Abp.HangFire.csproj", "{2DF39BED-0BFD-49C2-9A33-B3496E59E5EE}"
EndProject
Project("{9A19103F-16F7-4668-BE54-9A1E7A4F7556}") = "Abp.MemoryDb", "..\aspnetboilerplate\src\Abp.MemoryDb\Abp.MemoryDb.csproj", "{546E9FA2-61CB-4F37-AEEF-76F7CBD7EB8D}"
EndProject
Project("{9A19103F-16F7-4668-BE54-9A1E7A4F7556}") = "Abp.MongoDB", "..\aspnetboilerplate\src\Abp.MongoDB\Abp.MongoDB.csproj", "{CF27CBE9-CE5C-45F5-BF25-F48E108D499D}"
EndProject
Project("{9A19103F-16F7-4668-BE54-9A1E7A4F7556}") = "Abp.NHibernate", "..\aspnetboilerplate\src\Abp.NHibernate\Abp.NHibernate.csproj", "{12BE42EB-E899-48FF-AB7F-4DCB4B3E474B}"
EndProject
Project("{9A19103F-16F7-4668-BE54-9A1E7A4F7556}") = "Abp.Owin", "..\aspnetboilerplate\src\Abp.Owin\Abp.Owin.csproj", "{B3D92A2A-3CF7-4382-A91C-126ED2D20D7D}"
EndProject
Project("{9A19103F-16F7-4668-BE54-9A1E7A4F7556}") = "Abp.Quartz", "..\aspnetboilerplate\src\Abp.Quartz\Abp.Quartz.csproj", "{A826296E-19B5-4CB7-86FB-2E8380BD87D4}"
EndProject
Project("{9A19103F-16F7-4668-BE54-9A1E7A4F7556}") = "Abp.RedisCache", "..\aspnetboilerplate\src\Abp.RedisCache\Abp.RedisCache.csproj", "{A5BAE797-C56F-4D7B-A856-08F237AB21D4}"
EndProject
Project("{9A19103F-16F7-4668-BE54-9A1E7A4F7556}") = "Abp.RedisCache.ProtoBuf", "..\aspnetboilerplate\src\Abp.RedisCache.ProtoBuf\Abp.RedisCache.ProtoBuf.csproj", "{944941A3-2D39-4BD2-B8A8-572B549C7362}"
EndProject
Project("{9A19103F-16F7-4668-BE54-9A1E7A4F7556}") = "Abp.TestBase", "..\aspnetboilerplate\src\Abp.TestBase\Abp.TestBase.csproj", "{3747B779-40B2-4369-9E5A-4B15AF54B4F8}"
EndProject
Project("{9A19103F-16F7-4668-BE54-9A1E7A4F7556}") = "Abp.Web", "..\aspnetboilerplate\src\Abp.Web\Abp.Web.csproj", "{03166341-24CE-48F3-8784-15DB8499D92D}"
EndProject
Project("{9A19103F-16F7-4668-BE54-9A1E7A4F7556}") = "Abp.Web.Api", "..\aspnetboilerplate\src\Abp.Web.Api\Abp.Web.Api.csproj", "{F3BAEBFF-DA75-4B7A-9B7E-FCAEA09A547A}"
EndProject
Project("{9A19103F-16F7-4668-BE54-9A1E7A4F7556}") = "Abp.Web.Api.OData", "..\aspnetboilerplate\src\Abp.Web.Api.OData\Abp.Web.Api.OData.csproj", "{57560E81-F377-4458-8296-A97F2AB2F313}"
EndProject
Project("{9A19103F-16F7-4668-BE54-9A1E7A4F7556}") = "Abp.Web.Common", "..\aspnetboilerplate\src\Abp.Web.Common\Abp.Web.Common.csproj", "{C701A038-1EBE-46A3-9988-CC88BFA073F6}"
EndProject
Project("{9A19103F-16F7-4668-BE54-9A1E7A4F7556}") = "Abp.Web.Mvc", "..\aspnetboilerplate\src\Abp.Web.Mvc\Abp.Web.Mvc.csproj", "{9C107DE9-0444-43C4-B6ED-A09D3C8115A8}"
EndProject
Project("{9A19103F-16F7-4668-BE54-9A1E7A4F7556}") = "Abp.Web.Resources", "..\aspnetboilerplate\src\Abp.Web.Resources\Abp.Web.Resources.csproj", "{0890063F-920D-4540-B98A-A981FE95BDDB}"
EndProject
Project("{9A19103F-16F7-4668-BE54-9A1E7A4F7556}") = "Abp.Web.SignalR", "..\aspnetboilerplate\src\Abp.Web.SignalR\Abp.Web.SignalR.csproj", "{16A0E1F2-B8EC-493C-A551-633982B3E1B6}"
EndProject
Global
	GlobalSection(SolutionConfigurationPlatforms) = preSolution
		Debug|Any CPU = Debug|Any CPU
		Release|Any CPU = Release|Any CPU
	EndGlobalSection
	GlobalSection(ProjectConfigurationPlatforms) = postSolution
		{E06353A0-8403-44A0-8D57-200D55E2F2C5}.Debug|Any CPU.ActiveCfg = Debug|Any CPU
		{E06353A0-8403-44A0-8D57-200D55E2F2C5}.Debug|Any CPU.Build.0 = Debug|Any CPU
		{E06353A0-8403-44A0-8D57-200D55E2F2C5}.Release|Any CPU.ActiveCfg = Release|Any CPU
		{E06353A0-8403-44A0-8D57-200D55E2F2C5}.Release|Any CPU.Build.0 = Release|Any CPU
		{C28F608B-F34E-411C-8D88-C5D566141735}.Debug|Any CPU.ActiveCfg = Debug|Any CPU
		{C28F608B-F34E-411C-8D88-C5D566141735}.Debug|Any CPU.Build.0 = Debug|Any CPU
		{C28F608B-F34E-411C-8D88-C5D566141735}.Release|Any CPU.ActiveCfg = Release|Any CPU
		{C28F608B-F34E-411C-8D88-C5D566141735}.Release|Any CPU.Build.0 = Release|Any CPU
		{A57787C3-AD9A-40A8-B955-EDA596397429}.Debug|Any CPU.ActiveCfg = Debug|Any CPU
		{A57787C3-AD9A-40A8-B955-EDA596397429}.Debug|Any CPU.Build.0 = Debug|Any CPU
		{A57787C3-AD9A-40A8-B955-EDA596397429}.Release|Any CPU.ActiveCfg = Release|Any CPU
		{A57787C3-AD9A-40A8-B955-EDA596397429}.Release|Any CPU.Build.0 = Release|Any CPU
		{C64C24CD-74CE-47A2-A03C-06F4F78413F1}.Debug|Any CPU.ActiveCfg = Debug|Any CPU
		{C64C24CD-74CE-47A2-A03C-06F4F78413F1}.Debug|Any CPU.Build.0 = Debug|Any CPU
		{C64C24CD-74CE-47A2-A03C-06F4F78413F1}.Release|Any CPU.ActiveCfg = Release|Any CPU
		{C64C24CD-74CE-47A2-A03C-06F4F78413F1}.Release|Any CPU.Build.0 = Release|Any CPU
		{667801A0-99A5-414A-8685-A035408BF413}.Debug|Any CPU.ActiveCfg = Debug|Any CPU
		{667801A0-99A5-414A-8685-A035408BF413}.Debug|Any CPU.Build.0 = Debug|Any CPU
		{667801A0-99A5-414A-8685-A035408BF413}.Release|Any CPU.ActiveCfg = Release|Any CPU
		{667801A0-99A5-414A-8685-A035408BF413}.Release|Any CPU.Build.0 = Release|Any CPU
		{97670397-EDF9-4968-9A25-0EB71C68D5F8}.Debug|Any CPU.ActiveCfg = Debug|Any CPU
		{97670397-EDF9-4968-9A25-0EB71C68D5F8}.Debug|Any CPU.Build.0 = Debug|Any CPU
		{97670397-EDF9-4968-9A25-0EB71C68D5F8}.Release|Any CPU.ActiveCfg = Release|Any CPU
		{97670397-EDF9-4968-9A25-0EB71C68D5F8}.Release|Any CPU.Build.0 = Release|Any CPU
		{FA3E87C5-7273-461C-AE9F-67B416E07949}.Debug|Any CPU.ActiveCfg = Debug|Any CPU
		{FA3E87C5-7273-461C-AE9F-67B416E07949}.Debug|Any CPU.Build.0 = Debug|Any CPU
		{FA3E87C5-7273-461C-AE9F-67B416E07949}.Release|Any CPU.ActiveCfg = Release|Any CPU
		{FA3E87C5-7273-461C-AE9F-67B416E07949}.Release|Any CPU.Build.0 = Release|Any CPU
		{41F88D4F-FAB9-4D0A-85E5-C71F8B63B973}.Debug|Any CPU.ActiveCfg = Debug|Any CPU
		{41F88D4F-FAB9-4D0A-85E5-C71F8B63B973}.Debug|Any CPU.Build.0 = Debug|Any CPU
		{41F88D4F-FAB9-4D0A-85E5-C71F8B63B973}.Release|Any CPU.ActiveCfg = Release|Any CPU
		{41F88D4F-FAB9-4D0A-85E5-C71F8B63B973}.Release|Any CPU.Build.0 = Release|Any CPU
		{83108E5E-FD31-4762-8854-D795A8FB482F}.Debug|Any CPU.ActiveCfg = Debug|Any CPU
		{83108E5E-FD31-4762-8854-D795A8FB482F}.Debug|Any CPU.Build.0 = Debug|Any CPU
		{83108E5E-FD31-4762-8854-D795A8FB482F}.Release|Any CPU.ActiveCfg = Release|Any CPU
		{83108E5E-FD31-4762-8854-D795A8FB482F}.Release|Any CPU.Build.0 = Release|Any CPU
		{76E2CCE7-A61F-4700-9054-9923645E41CC}.Debug|Any CPU.ActiveCfg = Debug|Any CPU
		{76E2CCE7-A61F-4700-9054-9923645E41CC}.Debug|Any CPU.Build.0 = Debug|Any CPU
		{76E2CCE7-A61F-4700-9054-9923645E41CC}.Release|Any CPU.ActiveCfg = Release|Any CPU
		{76E2CCE7-A61F-4700-9054-9923645E41CC}.Release|Any CPU.Build.0 = Release|Any CPU
		{9223F076-ECE7-4381-9BBF-F3E33073B91A}.Debug|Any CPU.ActiveCfg = Debug|Any CPU
		{9223F076-ECE7-4381-9BBF-F3E33073B91A}.Debug|Any CPU.Build.0 = Debug|Any CPU
		{9223F076-ECE7-4381-9BBF-F3E33073B91A}.Release|Any CPU.ActiveCfg = Release|Any CPU
		{9223F076-ECE7-4381-9BBF-F3E33073B91A}.Release|Any CPU.Build.0 = Release|Any CPU
		{25F73233-3922-4BC0-AC1C-2042613DEC5E}.Debug|Any CPU.ActiveCfg = Debug|Any CPU
		{25F73233-3922-4BC0-AC1C-2042613DEC5E}.Debug|Any CPU.Build.0 = Debug|Any CPU
		{25F73233-3922-4BC0-AC1C-2042613DEC5E}.Release|Any CPU.ActiveCfg = Release|Any CPU
		{25F73233-3922-4BC0-AC1C-2042613DEC5E}.Release|Any CPU.Build.0 = Release|Any CPU
		{81D2351F-6CA1-4976-86EB-63946EBD0A36}.Debug|Any CPU.ActiveCfg = Debug|Any CPU
		{81D2351F-6CA1-4976-86EB-63946EBD0A36}.Debug|Any CPU.Build.0 = Debug|Any CPU
		{81D2351F-6CA1-4976-86EB-63946EBD0A36}.Release|Any CPU.ActiveCfg = Release|Any CPU
		{81D2351F-6CA1-4976-86EB-63946EBD0A36}.Release|Any CPU.Build.0 = Release|Any CPU
		{8EE2ACFF-CB44-4A7E-8FE7-5709AD245F44}.Debug|Any CPU.ActiveCfg = Debug|Any CPU
		{8EE2ACFF-CB44-4A7E-8FE7-5709AD245F44}.Debug|Any CPU.Build.0 = Debug|Any CPU
		{8EE2ACFF-CB44-4A7E-8FE7-5709AD245F44}.Release|Any CPU.ActiveCfg = Release|Any CPU
		{8EE2ACFF-CB44-4A7E-8FE7-5709AD245F44}.Release|Any CPU.Build.0 = Release|Any CPU
		{C5F4218F-2637-4629-B43B-7728D28CB19E}.Debug|Any CPU.ActiveCfg = Debug|Any CPU
		{C5F4218F-2637-4629-B43B-7728D28CB19E}.Debug|Any CPU.Build.0 = Debug|Any CPU
		{C5F4218F-2637-4629-B43B-7728D28CB19E}.Release|Any CPU.ActiveCfg = Release|Any CPU
		{C5F4218F-2637-4629-B43B-7728D28CB19E}.Release|Any CPU.Build.0 = Release|Any CPU
		{EABE7BBB-A837-4607-9B0D-BE41E4A0F81F}.Debug|Any CPU.ActiveCfg = Debug|Any CPU
		{EABE7BBB-A837-4607-9B0D-BE41E4A0F81F}.Debug|Any CPU.Build.0 = Debug|Any CPU
		{EABE7BBB-A837-4607-9B0D-BE41E4A0F81F}.Release|Any CPU.ActiveCfg = Release|Any CPU
		{EABE7BBB-A837-4607-9B0D-BE41E4A0F81F}.Release|Any CPU.Build.0 = Release|Any CPU
		{39A3807E-4309-43D7-98C1-246547108006}.Debug|Any CPU.ActiveCfg = Debug|Any CPU
		{39A3807E-4309-43D7-98C1-246547108006}.Debug|Any CPU.Build.0 = Debug|Any CPU
		{39A3807E-4309-43D7-98C1-246547108006}.Release|Any CPU.ActiveCfg = Release|Any CPU
		{39A3807E-4309-43D7-98C1-246547108006}.Release|Any CPU.Build.0 = Release|Any CPU
		{A0F9DB78-8EB6-4CC9-933B-DE57352DB90B}.Debug|Any CPU.ActiveCfg = Debug|Any CPU
		{A0F9DB78-8EB6-4CC9-933B-DE57352DB90B}.Debug|Any CPU.Build.0 = Debug|Any CPU
		{A0F9DB78-8EB6-4CC9-933B-DE57352DB90B}.Release|Any CPU.ActiveCfg = Release|Any CPU
		{A0F9DB78-8EB6-4CC9-933B-DE57352DB90B}.Release|Any CPU.Build.0 = Release|Any CPU
		{A16D1AA8-7B2E-4CEB-B1A9-0958F172DE48}.Debug|Any CPU.ActiveCfg = Debug|Any CPU
		{A16D1AA8-7B2E-4CEB-B1A9-0958F172DE48}.Debug|Any CPU.Build.0 = Debug|Any CPU
		{A16D1AA8-7B2E-4CEB-B1A9-0958F172DE48}.Release|Any CPU.ActiveCfg = Release|Any CPU
		{A16D1AA8-7B2E-4CEB-B1A9-0958F172DE48}.Release|Any CPU.Build.0 = Release|Any CPU
		{F446A204-789A-4EBB-ABD3-9193403ABC76}.Debug|Any CPU.ActiveCfg = Debug|Any CPU
		{F446A204-789A-4EBB-ABD3-9193403ABC76}.Debug|Any CPU.Build.0 = Debug|Any CPU
		{F446A204-789A-4EBB-ABD3-9193403ABC76}.Release|Any CPU.ActiveCfg = Release|Any CPU
		{F446A204-789A-4EBB-ABD3-9193403ABC76}.Release|Any CPU.Build.0 = Release|Any CPU
		{5DE21AEE-B5A5-4B2B-A0FB-B42ED6852B74}.Debug|Any CPU.ActiveCfg = Debug|Any CPU
		{5DE21AEE-B5A5-4B2B-A0FB-B42ED6852B74}.Debug|Any CPU.Build.0 = Debug|Any CPU
		{5DE21AEE-B5A5-4B2B-A0FB-B42ED6852B74}.Release|Any CPU.ActiveCfg = Release|Any CPU
		{5DE21AEE-B5A5-4B2B-A0FB-B42ED6852B74}.Release|Any CPU.Build.0 = Release|Any CPU
		{67BABDCA-5437-4D92-9967-90E41A69A50B}.Debug|Any CPU.ActiveCfg = Debug|Any CPU
		{67BABDCA-5437-4D92-9967-90E41A69A50B}.Debug|Any CPU.Build.0 = Debug|Any CPU
		{67BABDCA-5437-4D92-9967-90E41A69A50B}.Release|Any CPU.ActiveCfg = Release|Any CPU
		{67BABDCA-5437-4D92-9967-90E41A69A50B}.Release|Any CPU.Build.0 = Release|Any CPU
		{284760E3-51B0-4FCB-9E59-AAB603D82BF9}.Debug|Any CPU.ActiveCfg = Debug|Any CPU
		{284760E3-51B0-4FCB-9E59-AAB603D82BF9}.Debug|Any CPU.Build.0 = Debug|Any CPU
		{284760E3-51B0-4FCB-9E59-AAB603D82BF9}.Release|Any CPU.ActiveCfg = Release|Any CPU
		{284760E3-51B0-4FCB-9E59-AAB603D82BF9}.Release|Any CPU.Build.0 = Release|Any CPU
		{4AE1A741-9648-4BC6-ADB3-41B62830C23A}.Debug|Any CPU.ActiveCfg = Debug|Any CPU
		{4AE1A741-9648-4BC6-ADB3-41B62830C23A}.Debug|Any CPU.Build.0 = Debug|Any CPU
		{4AE1A741-9648-4BC6-ADB3-41B62830C23A}.Release|Any CPU.ActiveCfg = Release|Any CPU
		{4AE1A741-9648-4BC6-ADB3-41B62830C23A}.Release|Any CPU.Build.0 = Release|Any CPU
		{26473723-E6D9-42B1-9A26-6504DC693A29}.Debug|Any CPU.ActiveCfg = Debug|Any CPU
		{26473723-E6D9-42B1-9A26-6504DC693A29}.Debug|Any CPU.Build.0 = Debug|Any CPU
		{26473723-E6D9-42B1-9A26-6504DC693A29}.Release|Any CPU.ActiveCfg = Release|Any CPU
		{26473723-E6D9-42B1-9A26-6504DC693A29}.Release|Any CPU.Build.0 = Release|Any CPU
		{B089AC31-CC54-4DCB-9D1D-88BCCE262AA1}.Debug|Any CPU.ActiveCfg = Debug|Any CPU
		{B089AC31-CC54-4DCB-9D1D-88BCCE262AA1}.Debug|Any CPU.Build.0 = Debug|Any CPU
		{B089AC31-CC54-4DCB-9D1D-88BCCE262AA1}.Release|Any CPU.ActiveCfg = Release|Any CPU
		{B089AC31-CC54-4DCB-9D1D-88BCCE262AA1}.Release|Any CPU.Build.0 = Release|Any CPU
		{DAAB8D28-AD51-4F12-BFF1-E4F79C4B9DFE}.Debug|Any CPU.ActiveCfg = Debug|Any CPU
		{DAAB8D28-AD51-4F12-BFF1-E4F79C4B9DFE}.Debug|Any CPU.Build.0 = Debug|Any CPU
		{DAAB8D28-AD51-4F12-BFF1-E4F79C4B9DFE}.Release|Any CPU.ActiveCfg = Release|Any CPU
		{DAAB8D28-AD51-4F12-BFF1-E4F79C4B9DFE}.Release|Any CPU.Build.0 = Release|Any CPU
		{9D4304E5-C2B9-4B1A-9F05-E52F44CB734D}.Debug|Any CPU.ActiveCfg = Debug|Any CPU
		{9D4304E5-C2B9-4B1A-9F05-E52F44CB734D}.Debug|Any CPU.Build.0 = Debug|Any CPU
		{9D4304E5-C2B9-4B1A-9F05-E52F44CB734D}.Release|Any CPU.ActiveCfg = Release|Any CPU
		{9D4304E5-C2B9-4B1A-9F05-E52F44CB734D}.Release|Any CPU.Build.0 = Release|Any CPU
		{0AB5BD8D-A1DA-4A60-A377-997C791AE2A7}.Debug|Any CPU.ActiveCfg = Debug|Any CPU
		{0AB5BD8D-A1DA-4A60-A377-997C791AE2A7}.Debug|Any CPU.Build.0 = Debug|Any CPU
		{0AB5BD8D-A1DA-4A60-A377-997C791AE2A7}.Release|Any CPU.ActiveCfg = Release|Any CPU
		{0AB5BD8D-A1DA-4A60-A377-997C791AE2A7}.Release|Any CPU.Build.0 = Release|Any CPU
		{7EF7824B-EB16-4DD8-9CF9-3418157C5A44}.Debug|Any CPU.ActiveCfg = Debug|Any CPU
		{7EF7824B-EB16-4DD8-9CF9-3418157C5A44}.Debug|Any CPU.Build.0 = Debug|Any CPU
		{7EF7824B-EB16-4DD8-9CF9-3418157C5A44}.Release|Any CPU.ActiveCfg = Release|Any CPU
		{7EF7824B-EB16-4DD8-9CF9-3418157C5A44}.Release|Any CPU.Build.0 = Release|Any CPU
		{EC7EDED3-481F-4121-BEFF-5D052B4564C0}.Debug|Any CPU.ActiveCfg = Debug|Any CPU
		{EC7EDED3-481F-4121-BEFF-5D052B4564C0}.Debug|Any CPU.Build.0 = Debug|Any CPU
		{EC7EDED3-481F-4121-BEFF-5D052B4564C0}.Release|Any CPU.ActiveCfg = Release|Any CPU
		{EC7EDED3-481F-4121-BEFF-5D052B4564C0}.Release|Any CPU.Build.0 = Release|Any CPU
		{C33D0BCD-6AA4-43DC-A650-8FA83AC998D1}.Debug|Any CPU.ActiveCfg = Debug|Any CPU
		{C33D0BCD-6AA4-43DC-A650-8FA83AC998D1}.Debug|Any CPU.Build.0 = Debug|Any CPU
		{C33D0BCD-6AA4-43DC-A650-8FA83AC998D1}.Release|Any CPU.ActiveCfg = Release|Any CPU
		{C33D0BCD-6AA4-43DC-A650-8FA83AC998D1}.Release|Any CPU.Build.0 = Release|Any CPU
		{C1E915E7-74C7-4E98-A9EC-68AABC9F7CC0}.Debug|Any CPU.ActiveCfg = Debug|Any CPU
		{C1E915E7-74C7-4E98-A9EC-68AABC9F7CC0}.Debug|Any CPU.Build.0 = Debug|Any CPU
		{C1E915E7-74C7-4E98-A9EC-68AABC9F7CC0}.Release|Any CPU.ActiveCfg = Release|Any CPU
		{C1E915E7-74C7-4E98-A9EC-68AABC9F7CC0}.Release|Any CPU.Build.0 = Release|Any CPU
		{DCA1E555-B60E-4C72-9AA4-007D9C6D3FCB}.Debug|Any CPU.ActiveCfg = Debug|Any CPU
		{DCA1E555-B60E-4C72-9AA4-007D9C6D3FCB}.Debug|Any CPU.Build.0 = Debug|Any CPU
		{DCA1E555-B60E-4C72-9AA4-007D9C6D3FCB}.Release|Any CPU.ActiveCfg = Release|Any CPU
		{DCA1E555-B60E-4C72-9AA4-007D9C6D3FCB}.Release|Any CPU.Build.0 = Release|Any CPU
		{CC356AE3-EDF6-4C55-B1EA-C40935E4A6C7}.Debug|Any CPU.ActiveCfg = Debug|Any CPU
		{CC356AE3-EDF6-4C55-B1EA-C40935E4A6C7}.Debug|Any CPU.Build.0 = Debug|Any CPU
		{CC356AE3-EDF6-4C55-B1EA-C40935E4A6C7}.Release|Any CPU.ActiveCfg = Release|Any CPU
		{CC356AE3-EDF6-4C55-B1EA-C40935E4A6C7}.Release|Any CPU.Build.0 = Release|Any CPU
		{2DF39BED-0BFD-49C2-9A33-B3496E59E5EE}.Debug|Any CPU.ActiveCfg = Debug|Any CPU
		{2DF39BED-0BFD-49C2-9A33-B3496E59E5EE}.Debug|Any CPU.Build.0 = Debug|Any CPU
		{2DF39BED-0BFD-49C2-9A33-B3496E59E5EE}.Release|Any CPU.ActiveCfg = Release|Any CPU
		{2DF39BED-0BFD-49C2-9A33-B3496E59E5EE}.Release|Any CPU.Build.0 = Release|Any CPU
		{546E9FA2-61CB-4F37-AEEF-76F7CBD7EB8D}.Debug|Any CPU.ActiveCfg = Debug|Any CPU
		{546E9FA2-61CB-4F37-AEEF-76F7CBD7EB8D}.Debug|Any CPU.Build.0 = Debug|Any CPU
		{546E9FA2-61CB-4F37-AEEF-76F7CBD7EB8D}.Release|Any CPU.ActiveCfg = Release|Any CPU
		{546E9FA2-61CB-4F37-AEEF-76F7CBD7EB8D}.Release|Any CPU.Build.0 = Release|Any CPU
		{CF27CBE9-CE5C-45F5-BF25-F48E108D499D}.Debug|Any CPU.ActiveCfg = Debug|Any CPU
		{CF27CBE9-CE5C-45F5-BF25-F48E108D499D}.Debug|Any CPU.Build.0 = Debug|Any CPU
		{CF27CBE9-CE5C-45F5-BF25-F48E108D499D}.Release|Any CPU.ActiveCfg = Release|Any CPU
		{CF27CBE9-CE5C-45F5-BF25-F48E108D499D}.Release|Any CPU.Build.0 = Release|Any CPU
		{12BE42EB-E899-48FF-AB7F-4DCB4B3E474B}.Debug|Any CPU.ActiveCfg = Debug|Any CPU
		{12BE42EB-E899-48FF-AB7F-4DCB4B3E474B}.Debug|Any CPU.Build.0 = Debug|Any CPU
		{12BE42EB-E899-48FF-AB7F-4DCB4B3E474B}.Release|Any CPU.ActiveCfg = Release|Any CPU
		{12BE42EB-E899-48FF-AB7F-4DCB4B3E474B}.Release|Any CPU.Build.0 = Release|Any CPU
		{B3D92A2A-3CF7-4382-A91C-126ED2D20D7D}.Debug|Any CPU.ActiveCfg = Debug|Any CPU
		{B3D92A2A-3CF7-4382-A91C-126ED2D20D7D}.Debug|Any CPU.Build.0 = Debug|Any CPU
		{B3D92A2A-3CF7-4382-A91C-126ED2D20D7D}.Release|Any CPU.ActiveCfg = Release|Any CPU
		{B3D92A2A-3CF7-4382-A91C-126ED2D20D7D}.Release|Any CPU.Build.0 = Release|Any CPU
		{A826296E-19B5-4CB7-86FB-2E8380BD87D4}.Debug|Any CPU.ActiveCfg = Debug|Any CPU
		{A826296E-19B5-4CB7-86FB-2E8380BD87D4}.Debug|Any CPU.Build.0 = Debug|Any CPU
		{A826296E-19B5-4CB7-86FB-2E8380BD87D4}.Release|Any CPU.ActiveCfg = Release|Any CPU
		{A826296E-19B5-4CB7-86FB-2E8380BD87D4}.Release|Any CPU.Build.0 = Release|Any CPU
		{A5BAE797-C56F-4D7B-A856-08F237AB21D4}.Debug|Any CPU.ActiveCfg = Debug|Any CPU
		{A5BAE797-C56F-4D7B-A856-08F237AB21D4}.Debug|Any CPU.Build.0 = Debug|Any CPU
		{A5BAE797-C56F-4D7B-A856-08F237AB21D4}.Release|Any CPU.ActiveCfg = Release|Any CPU
		{A5BAE797-C56F-4D7B-A856-08F237AB21D4}.Release|Any CPU.Build.0 = Release|Any CPU
		{944941A3-2D39-4BD2-B8A8-572B549C7362}.Debug|Any CPU.ActiveCfg = Debug|Any CPU
		{944941A3-2D39-4BD2-B8A8-572B549C7362}.Debug|Any CPU.Build.0 = Debug|Any CPU
		{944941A3-2D39-4BD2-B8A8-572B549C7362}.Release|Any CPU.ActiveCfg = Release|Any CPU
		{944941A3-2D39-4BD2-B8A8-572B549C7362}.Release|Any CPU.Build.0 = Release|Any CPU
		{3747B779-40B2-4369-9E5A-4B15AF54B4F8}.Debug|Any CPU.ActiveCfg = Debug|Any CPU
		{3747B779-40B2-4369-9E5A-4B15AF54B4F8}.Debug|Any CPU.Build.0 = Debug|Any CPU
		{3747B779-40B2-4369-9E5A-4B15AF54B4F8}.Release|Any CPU.ActiveCfg = Release|Any CPU
		{3747B779-40B2-4369-9E5A-4B15AF54B4F8}.Release|Any CPU.Build.0 = Release|Any CPU
		{03166341-24CE-48F3-8784-15DB8499D92D}.Debug|Any CPU.ActiveCfg = Debug|Any CPU
		{03166341-24CE-48F3-8784-15DB8499D92D}.Debug|Any CPU.Build.0 = Debug|Any CPU
		{03166341-24CE-48F3-8784-15DB8499D92D}.Release|Any CPU.ActiveCfg = Release|Any CPU
		{03166341-24CE-48F3-8784-15DB8499D92D}.Release|Any CPU.Build.0 = Release|Any CPU
		{F3BAEBFF-DA75-4B7A-9B7E-FCAEA09A547A}.Debug|Any CPU.ActiveCfg = Debug|Any CPU
		{F3BAEBFF-DA75-4B7A-9B7E-FCAEA09A547A}.Debug|Any CPU.Build.0 = Debug|Any CPU
		{F3BAEBFF-DA75-4B7A-9B7E-FCAEA09A547A}.Release|Any CPU.ActiveCfg = Release|Any CPU
		{F3BAEBFF-DA75-4B7A-9B7E-FCAEA09A547A}.Release|Any CPU.Build.0 = Release|Any CPU
		{57560E81-F377-4458-8296-A97F2AB2F313}.Debug|Any CPU.ActiveCfg = Debug|Any CPU
		{57560E81-F377-4458-8296-A97F2AB2F313}.Debug|Any CPU.Build.0 = Debug|Any CPU
		{57560E81-F377-4458-8296-A97F2AB2F313}.Release|Any CPU.ActiveCfg = Release|Any CPU
		{57560E81-F377-4458-8296-A97F2AB2F313}.Release|Any CPU.Build.0 = Release|Any CPU
		{C701A038-1EBE-46A3-9988-CC88BFA073F6}.Debug|Any CPU.ActiveCfg = Debug|Any CPU
		{C701A038-1EBE-46A3-9988-CC88BFA073F6}.Debug|Any CPU.Build.0 = Debug|Any CPU
		{C701A038-1EBE-46A3-9988-CC88BFA073F6}.Release|Any CPU.ActiveCfg = Release|Any CPU
		{C701A038-1EBE-46A3-9988-CC88BFA073F6}.Release|Any CPU.Build.0 = Release|Any CPU
		{9C107DE9-0444-43C4-B6ED-A09D3C8115A8}.Debug|Any CPU.ActiveCfg = Debug|Any CPU
		{9C107DE9-0444-43C4-B6ED-A09D3C8115A8}.Debug|Any CPU.Build.0 = Debug|Any CPU
		{9C107DE9-0444-43C4-B6ED-A09D3C8115A8}.Release|Any CPU.ActiveCfg = Release|Any CPU
		{9C107DE9-0444-43C4-B6ED-A09D3C8115A8}.Release|Any CPU.Build.0 = Release|Any CPU
		{0890063F-920D-4540-B98A-A981FE95BDDB}.Debug|Any CPU.ActiveCfg = Debug|Any CPU
		{0890063F-920D-4540-B98A-A981FE95BDDB}.Debug|Any CPU.Build.0 = Debug|Any CPU
		{0890063F-920D-4540-B98A-A981FE95BDDB}.Release|Any CPU.ActiveCfg = Release|Any CPU
		{0890063F-920D-4540-B98A-A981FE95BDDB}.Release|Any CPU.Build.0 = Release|Any CPU
		{16A0E1F2-B8EC-493C-A551-633982B3E1B6}.Debug|Any CPU.ActiveCfg = Debug|Any CPU
		{16A0E1F2-B8EC-493C-A551-633982B3E1B6}.Debug|Any CPU.Build.0 = Debug|Any CPU
		{16A0E1F2-B8EC-493C-A551-633982B3E1B6}.Release|Any CPU.ActiveCfg = Release|Any CPU
		{16A0E1F2-B8EC-493C-A551-633982B3E1B6}.Release|Any CPU.Build.0 = Release|Any CPU
	EndGlobalSection
	GlobalSection(SolutionProperties) = preSolution
		HideSolutionNode = FALSE
	EndGlobalSection
	GlobalSection(NestedProjects) = preSolution
		{E06353A0-8403-44A0-8D57-200D55E2F2C5} = {22551F30-C7C5-40D5-AE24-3D675ABC9B46}
		{C28F608B-F34E-411C-8D88-C5D566141735} = {12068527-E860-4AC1-88C3-62B435E4BBE5}
		{A57787C3-AD9A-40A8-B955-EDA596397429} = {22551F30-C7C5-40D5-AE24-3D675ABC9B46}
		{C64C24CD-74CE-47A2-A03C-06F4F78413F1} = {22551F30-C7C5-40D5-AE24-3D675ABC9B46}
		{667801A0-99A5-414A-8685-A035408BF413} = {4A2AFB7B-F4F7-4E47-A8A3-F1F848C9F1B9}
		{97670397-EDF9-4968-9A25-0EB71C68D5F8} = {4A2AFB7B-F4F7-4E47-A8A3-F1F848C9F1B9}
		{FA3E87C5-7273-461C-AE9F-67B416E07949} = {4A2AFB7B-F4F7-4E47-A8A3-F1F848C9F1B9}
		{41F88D4F-FAB9-4D0A-85E5-C71F8B63B973} = {4A2AFB7B-F4F7-4E47-A8A3-F1F848C9F1B9}
		{83108E5E-FD31-4762-8854-D795A8FB482F} = {22551F30-C7C5-40D5-AE24-3D675ABC9B46}
		{76E2CCE7-A61F-4700-9054-9923645E41CC} = {4A2AFB7B-F4F7-4E47-A8A3-F1F848C9F1B9}
		{9223F076-ECE7-4381-9BBF-F3E33073B91A} = {4A2AFB7B-F4F7-4E47-A8A3-F1F848C9F1B9}
		{25F73233-3922-4BC0-AC1C-2042613DEC5E} = {4A2AFB7B-F4F7-4E47-A8A3-F1F848C9F1B9}
		{81D2351F-6CA1-4976-86EB-63946EBD0A36} = {22551F30-C7C5-40D5-AE24-3D675ABC9B46}
		{8EE2ACFF-CB44-4A7E-8FE7-5709AD245F44} = {22551F30-C7C5-40D5-AE24-3D675ABC9B46}
		{C5F4218F-2637-4629-B43B-7728D28CB19E} = {A6CB86B2-8C58-42D7-917A-F1DEB29C121A}
		{EABE7BBB-A837-4607-9B0D-BE41E4A0F81F} = {12068527-E860-4AC1-88C3-62B435E4BBE5}
		{39A3807E-4309-43D7-98C1-246547108006} = {A6CB86B2-8C58-42D7-917A-F1DEB29C121A}
		{A6CB86B2-8C58-42D7-917A-F1DEB29C121A} = {364398C2-9B6A-40B3-9845-23ABFB8D12AB}
		{22551F30-C7C5-40D5-AE24-3D675ABC9B46} = {364398C2-9B6A-40B3-9845-23ABFB8D12AB}
		{4A2AFB7B-F4F7-4E47-A8A3-F1F848C9F1B9} = {E1AD01DD-1A0D-40DF-AFBE-F2AA3B4160AB}
		{DB5BDEFB-3554-4A36-BE56-D7FF1C25095F} = {E1AD01DD-1A0D-40DF-AFBE-F2AA3B4160AB}
		{A0F9DB78-8EB6-4CC9-933B-DE57352DB90B} = {DB5BDEFB-3554-4A36-BE56-D7FF1C25095F}
		{A16D1AA8-7B2E-4CEB-B1A9-0958F172DE48} = {DB5BDEFB-3554-4A36-BE56-D7FF1C25095F}
		{F446A204-789A-4EBB-ABD3-9193403ABC76} = {DB5BDEFB-3554-4A36-BE56-D7FF1C25095F}
		{5DE21AEE-B5A5-4B2B-A0FB-B42ED6852B74} = {DB5BDEFB-3554-4A36-BE56-D7FF1C25095F}
		{67BABDCA-5437-4D92-9967-90E41A69A50B} = {DB5BDEFB-3554-4A36-BE56-D7FF1C25095F}
		{284760E3-51B0-4FCB-9E59-AAB603D82BF9} = {DB5BDEFB-3554-4A36-BE56-D7FF1C25095F}
		{12068527-E860-4AC1-88C3-62B435E4BBE5} = {364398C2-9B6A-40B3-9845-23ABFB8D12AB}
		{4AE1A741-9648-4BC6-ADB3-41B62830C23A} = {DB5BDEFB-3554-4A36-BE56-D7FF1C25095F}
		{6026C5B1-F539-4CF5-AB6B-C3BEF853A30F} = {364398C2-9B6A-40B3-9845-23ABFB8D12AB}
		{26473723-E6D9-42B1-9A26-6504DC693A29} = {6026C5B1-F539-4CF5-AB6B-C3BEF853A30F}
		{B089AC31-CC54-4DCB-9D1D-88BCCE262AA1} = {6026C5B1-F539-4CF5-AB6B-C3BEF853A30F}
		{DAAB8D28-AD51-4F12-BFF1-E4F79C4B9DFE} = {6026C5B1-F539-4CF5-AB6B-C3BEF853A30F}
		{9D4304E5-C2B9-4B1A-9F05-E52F44CB734D} = {6026C5B1-F539-4CF5-AB6B-C3BEF853A30F}
		{0AB5BD8D-A1DA-4A60-A377-997C791AE2A7} = {6026C5B1-F539-4CF5-AB6B-C3BEF853A30F}
		{7EF7824B-EB16-4DD8-9CF9-3418157C5A44} = {6026C5B1-F539-4CF5-AB6B-C3BEF853A30F}
		{EC7EDED3-481F-4121-BEFF-5D052B4564C0} = {6026C5B1-F539-4CF5-AB6B-C3BEF853A30F}
		{C33D0BCD-6AA4-43DC-A650-8FA83AC998D1} = {6026C5B1-F539-4CF5-AB6B-C3BEF853A30F}
		{C1E915E7-74C7-4E98-A9EC-68AABC9F7CC0} = {6026C5B1-F539-4CF5-AB6B-C3BEF853A30F}
		{DCA1E555-B60E-4C72-9AA4-007D9C6D3FCB} = {6026C5B1-F539-4CF5-AB6B-C3BEF853A30F}
		{CC356AE3-EDF6-4C55-B1EA-C40935E4A6C7} = {6026C5B1-F539-4CF5-AB6B-C3BEF853A30F}
		{2DF39BED-0BFD-49C2-9A33-B3496E59E5EE} = {6026C5B1-F539-4CF5-AB6B-C3BEF853A30F}
		{546E9FA2-61CB-4F37-AEEF-76F7CBD7EB8D} = {6026C5B1-F539-4CF5-AB6B-C3BEF853A30F}
		{CF27CBE9-CE5C-45F5-BF25-F48E108D499D} = {6026C5B1-F539-4CF5-AB6B-C3BEF853A30F}
		{12BE42EB-E899-48FF-AB7F-4DCB4B3E474B} = {6026C5B1-F539-4CF5-AB6B-C3BEF853A30F}
		{B3D92A2A-3CF7-4382-A91C-126ED2D20D7D} = {6026C5B1-F539-4CF5-AB6B-C3BEF853A30F}
		{A826296E-19B5-4CB7-86FB-2E8380BD87D4} = {6026C5B1-F539-4CF5-AB6B-C3BEF853A30F}
		{A5BAE797-C56F-4D7B-A856-08F237AB21D4} = {6026C5B1-F539-4CF5-AB6B-C3BEF853A30F}
		{944941A3-2D39-4BD2-B8A8-572B549C7362} = {6026C5B1-F539-4CF5-AB6B-C3BEF853A30F}
		{3747B779-40B2-4369-9E5A-4B15AF54B4F8} = {6026C5B1-F539-4CF5-AB6B-C3BEF853A30F}
		{03166341-24CE-48F3-8784-15DB8499D92D} = {6026C5B1-F539-4CF5-AB6B-C3BEF853A30F}
		{F3BAEBFF-DA75-4B7A-9B7E-FCAEA09A547A} = {6026C5B1-F539-4CF5-AB6B-C3BEF853A30F}
		{57560E81-F377-4458-8296-A97F2AB2F313} = {6026C5B1-F539-4CF5-AB6B-C3BEF853A30F}
		{C701A038-1EBE-46A3-9988-CC88BFA073F6} = {6026C5B1-F539-4CF5-AB6B-C3BEF853A30F}
		{9C107DE9-0444-43C4-B6ED-A09D3C8115A8} = {6026C5B1-F539-4CF5-AB6B-C3BEF853A30F}
		{0890063F-920D-4540-B98A-A981FE95BDDB} = {6026C5B1-F539-4CF5-AB6B-C3BEF853A30F}
		{16A0E1F2-B8EC-493C-A551-633982B3E1B6} = {6026C5B1-F539-4CF5-AB6B-C3BEF853A30F}
	EndGlobalSection
EndGlobal
